
Microsoft Visual Studio Solution File, Format Version 12.00
# Visual Studio Version 17
VisualStudioVersion = 17.11.35219.272
MinimumVisualStudioVersion = 10.0.40219.1
Project("{FAE04EC0-301F-11D3-BF4B-00C04F79EFBC}") = "ContosoUniTARgv23", "ContosoUniTARgv23\ContosoUniTARgv23.csproj", "{760856DC-955D-4A55-B0F9-5FAE3A361A1C}"
EndProject
Global
	GlobalSection(SolutionConfigurationPlatforms) = preSolution
		Debug|Any CPU = Debug|Any CPU
		Release|Any CPU = Release|Any CPU
	EndGlobalSection
	GlobalSection(ProjectConfigurationPlatforms) = postSolution
		{760856DC-955D-4A55-B0F9-5FAE3A361A1C}.Debug|Any CPU.ActiveCfg = Debug|Any CPU
		{760856DC-955D-4A55-B0F9-5FAE3A361A1C}.Debug|Any CPU.Build.0 = Debug|Any CPU
		{760856DC-955D-4A55-B0F9-5FAE3A361A1C}.Release|Any CPU.ActiveCfg = Release|Any CPU
		{760856DC-955D-4A55-B0F9-5FAE3A361A1C}.Release|Any CPU.Build.0 = Release|Any CPU
	EndGlobalSection
	GlobalSection(SolutionProperties) = preSolution
		HideSolutionNode = FALSE
	EndGlobalSection
	GlobalSection(ExtensibilityGlobals) = postSolution
		SolutionGuid = {90625946-9922-433B-B4EE-69F7FF4FCB8F}
	EndGlobalSection
EndGlobal
