
Microsoft Visual Studio Solution File, Format Version 12.00
# Visual Studio Version 17
VisualStudioVersion = 17.10.35122.118
MinimumVisualStudioVersion = 10.0.40219.1
Project("{FAE04EC0-301F-11D3-BF4B-00C04F79EFBC}") = "ContosoUnitTARgv23", "ContosoUnitTARgv23\ContosoUnitTARgv23.csproj", "{31FA0620-2964-4F09-B16C-47488AB64FC2}"
EndProject
Global
	GlobalSection(SolutionConfigurationPlatforms) = preSolution
		Debug|Any CPU = Debug|Any CPU
		Release|Any CPU = Release|Any CPU
	EndGlobalSection
	GlobalSection(ProjectConfigurationPlatforms) = postSolution
		{31FA0620-2964-4F09-B16C-47488AB64FC2}.Debug|Any CPU.ActiveCfg = Debug|Any CPU
		{31FA0620-2964-4F09-B16C-47488AB64FC2}.Debug|Any CPU.Build.0 = Debug|Any CPU
		{31FA0620-2964-4F09-B16C-47488AB64FC2}.Release|Any CPU.ActiveCfg = Release|Any CPU
		{31FA0620-2964-4F09-B16C-47488AB64FC2}.Release|Any CPU.Build.0 = Release|Any CPU
	EndGlobalSection
	GlobalSection(SolutionProperties) = preSolution
		HideSolutionNode = FALSE
	EndGlobalSection
	GlobalSection(ExtensibilityGlobals) = postSolution
		SolutionGuid = {4F9B0499-BE82-40C1-9619-504F697B43E7}
	EndGlobalSection
EndGlobal
